
Microsoft Visual Studio Solution File, Format Version 12.00
# Visual Studio Version 18
VisualStudioVersion = 18.0.0.0
MinimumVisualStudioVersion = 10.0.40219.1
Project("{2150E333-8FDC-42A3-9474-1A3956D46DE8}") = "src", "src", "{827E0CD3-B72D-47B6-A68D-7590B98EB39B}"
EndProject
Project("{FAE04EC0-301F-11D3-BF4B-00C04F79EFBC}") = "MediaPlayer.Core", "src\MediaPlayer.Core\MediaPlayer.Core.csproj", "{DDF96583-57BB-4B5B-AD6D-520871D04A43}"
EndProject
Project("{2150E333-8FDC-42A3-9474-1A3956D46DE8}") = "tests", "tests", "{0AB3BF05-4346-4AA6-1389-037BE0695223}"
EndProject
Project("{FAE04EC0-301F-11D3-BF4B-00C04F79EFBC}") = "MediaPlayer.Core.Tests", "tests\MediaPlayer.Core.Tests\MediaPlayer.Core.Tests.csproj", "{97E4E305-0BC5-4D23-9526-3FF9E85B7060}"
EndProject
Project("{FAE04EC0-301F-11D3-BF4B-00C04F79EFBC}") = "MediaPlayer.VideoSurface.Abstractions", "src\MediaPlayer.VideoSurface.Abstractions\MediaPlayer.VideoSurface.Abstractions.csproj", "{37B6D05B-464A-4047-9F0C-6C1BD4F31AE2}"
EndProject
Project("{FAE04EC0-301F-11D3-BF4B-00C04F79EFBC}") = "MediaPlayer.Interop.LibMpv", "src\MediaPlayer.Interop.LibMpv\MediaPlayer.Interop.LibMpv.csproj", "{D9048417-A785-48EE-891B-5D6D229A6BAF}"
EndProject
Project("{FAE04EC0-301F-11D3-BF4B-00C04F79EFBC}") = "MediaPlayer.Playback.Mpv", "src\MediaPlayer.Playback.Mpv\MediaPlayer.Playback.Mpv.csproj", "{D16A0389-B7BA-452E-A3A9-A25532858976}"
EndProject
Project("{FAE04EC0-301F-11D3-BF4B-00C04F79EFBC}") = "MediaPlayer.Diagnostics", "src\MediaPlayer.Diagnostics\MediaPlayer.Diagnostics.csproj", "{89B09E58-A504-499E-BB2F-82FE2F190D06}"
EndProject
Project("{FAE04EC0-301F-11D3-BF4B-00C04F79EFBC}") = "MediaPlayer.Persistence", "src\MediaPlayer.Persistence\MediaPlayer.Persistence.csproj", "{65CDD23B-58FB-4B55-B4F7-781EC2E663D3}"
EndProject
Project("{FAE04EC0-301F-11D3-BF4B-00C04F79EFBC}") = "MediaPlayer.VideoSurface.Abstractions.Tests", "tests\MediaPlayer.VideoSurface.Abstractions.Tests\MediaPlayer.VideoSurface.Abstractions.Tests.csproj", "{76F711E9-2C14-479E-A7C5-334AC132B23A}"
EndProject
Project("{FAE04EC0-301F-11D3-BF4B-00C04F79EFBC}") = "MediaPlayer.Interop.LibMpv.Tests", "tests\MediaPlayer.Interop.LibMpv.Tests\MediaPlayer.Interop.LibMpv.Tests.csproj", "{4C2A149B-4BAF-4789-9E14-BBC83E9EB13A}"
EndProject
Project("{FAE04EC0-301F-11D3-BF4B-00C04F79EFBC}") = "MediaPlayer.Playback.Mpv.Tests", "tests\MediaPlayer.Playback.Mpv.Tests\MediaPlayer.Playback.Mpv.Tests.csproj", "{CDF62AA4-5B4B-495C-A0F1-E9978AEE06FF}"
EndProject
Project("{FAE04EC0-301F-11D3-BF4B-00C04F79EFBC}") = "MediaPlayer.Diagnostics.Tests", "tests\MediaPlayer.Diagnostics.Tests\MediaPlayer.Diagnostics.Tests.csproj", "{CFA62F02-73CD-4CBC-9CFB-0F5FFF58C3C0}"
EndProject
Project("{FAE04EC0-301F-11D3-BF4B-00C04F79EFBC}") = "MediaPlayer.Persistence.Tests", "tests\MediaPlayer.Persistence.Tests\MediaPlayer.Persistence.Tests.csproj", "{C634CC3C-B434-4A55-8BE7-908C6854DD41}"
EndProject
Project("{FAE04EC0-301F-11D3-BF4B-00C04F79EFBC}") = "MediaPlayer.Sources.Jellyfin", "src\MediaPlayer.Sources.Jellyfin\MediaPlayer.Sources.Jellyfin.csproj", "{8B2E2AA6-9F9B-4D7D-B2AA-BCA5FCBF1912}"
EndProject
Project("{FAE04EC0-301F-11D3-BF4B-00C04F79EFBC}") = "MediaPlayer.Sources.Emby", "src\MediaPlayer.Sources.Emby\MediaPlayer.Sources.Emby.csproj", "{F4918C1A-369A-4218-A51B-681BDF13E795}"
EndProject
Project("{FAE04EC0-301F-11D3-BF4B-00C04F79EFBC}") = "MediaPlayer.Sources.Jellyfin.Tests", "tests\MediaPlayer.Sources.Jellyfin.Tests\MediaPlayer.Sources.Jellyfin.Tests.csproj", "{9A008120-3333-439C-A406-AE21E152B53A}"
EndProject
Project("{FAE04EC0-301F-11D3-BF4B-00C04F79EFBC}") = "MediaPlayer.Sources.Emby.Tests", "tests\MediaPlayer.Sources.Emby.Tests\MediaPlayer.Sources.Emby.Tests.csproj", "{6FBEF59F-1763-41BF-88B6-F7FB9B9DB466}"
EndProject
Global
	GlobalSection(SolutionConfigurationPlatforms) = preSolution
		Debug|Any CPU = Debug|Any CPU
		Debug|x64 = Debug|x64
		Debug|x86 = Debug|x86
		Release|Any CPU = Release|Any CPU
		Release|x64 = Release|x64
		Release|x86 = Release|x86
	EndGlobalSection
	GlobalSection(ProjectConfigurationPlatforms) = postSolution
		{DDF96583-57BB-4B5B-AD6D-520871D04A43}.Debug|Any CPU.ActiveCfg = Debug|Any CPU
		{DDF96583-57BB-4B5B-AD6D-520871D04A43}.Debug|Any CPU.Build.0 = Debug|Any CPU
		{DDF96583-57BB-4B5B-AD6D-520871D04A43}.Debug|x64.ActiveCfg = Debug|Any CPU
		{DDF96583-57BB-4B5B-AD6D-520871D04A43}.Debug|x64.Build.0 = Debug|Any CPU
		{DDF96583-57BB-4B5B-AD6D-520871D04A43}.Debug|x86.ActiveCfg = Debug|Any CPU
		{DDF96583-57BB-4B5B-AD6D-520871D04A43}.Debug|x86.Build.0 = Debug|Any CPU
		{DDF96583-57BB-4B5B-AD6D-520871D04A43}.Release|Any CPU.ActiveCfg = Release|Any CPU
		{DDF96583-57BB-4B5B-AD6D-520871D04A43}.Release|Any CPU.Build.0 = Release|Any CPU
		{DDF96583-57BB-4B5B-AD6D-520871D04A43}.Release|x64.ActiveCfg = Release|Any CPU
		{DDF96583-57BB-4B5B-AD6D-520871D04A43}.Release|x64.Build.0 = Release|Any CPU
		{DDF96583-57BB-4B5B-AD6D-520871D04A43}.Release|x86.ActiveCfg = Release|Any CPU
		{DDF96583-57BB-4B5B-AD6D-520871D04A43}.Release|x86.Build.0 = Release|Any CPU
		{97E4E305-0BC5-4D23-9526-3FF9E85B7060}.Debug|Any CPU.ActiveCfg = Debug|Any CPU
		{97E4E305-0BC5-4D23-9526-3FF9E85B7060}.Debug|Any CPU.Build.0 = Debug|Any CPU
		{97E4E305-0BC5-4D23-9526-3FF9E85B7060}.Debug|x64.ActiveCfg = Debug|Any CPU
		{97E4E305-0BC5-4D23-9526-3FF9E85B7060}.Debug|x64.Build.0 = Debug|Any CPU
		{97E4E305-0BC5-4D23-9526-3FF9E85B7060}.Debug|x86.ActiveCfg = Debug|Any CPU
		{97E4E305-0BC5-4D23-9526-3FF9E85B7060}.Debug|x86.Build.0 = Debug|Any CPU
		{97E4E305-0BC5-4D23-9526-3FF9E85B7060}.Release|Any CPU.ActiveCfg = Release|Any CPU
		{97E4E305-0BC5-4D23-9526-3FF9E85B7060}.Release|Any CPU.Build.0 = Release|Any CPU
		{97E4E305-0BC5-4D23-9526-3FF9E85B7060}.Release|x64.ActiveCfg = Release|Any CPU
		{97E4E305-0BC5-4D23-9526-3FF9E85B7060}.Release|x64.Build.0 = Release|Any CPU
		{97E4E305-0BC5-4D23-9526-3FF9E85B7060}.Release|x86.ActiveCfg = Release|Any CPU
		{97E4E305-0BC5-4D23-9526-3FF9E85B7060}.Release|x86.Build.0 = Release|Any CPU
		{37B6D05B-464A-4047-9F0C-6C1BD4F31AE2}.Debug|Any CPU.ActiveCfg = Debug|Any CPU
		{37B6D05B-464A-4047-9F0C-6C1BD4F31AE2}.Debug|Any CPU.Build.0 = Debug|Any CPU
		{37B6D05B-464A-4047-9F0C-6C1BD4F31AE2}.Debug|x64.ActiveCfg = Debug|Any CPU
		{37B6D05B-464A-4047-9F0C-6C1BD4F31AE2}.Debug|x64.Build.0 = Debug|Any CPU
		{37B6D05B-464A-4047-9F0C-6C1BD4F31AE2}.Debug|x86.ActiveCfg = Debug|Any CPU
		{37B6D05B-464A-4047-9F0C-6C1BD4F31AE2}.Debug|x86.Build.0 = Debug|Any CPU
		{37B6D05B-464A-4047-9F0C-6C1BD4F31AE2}.Release|Any CPU.ActiveCfg = Release|Any CPU
		{37B6D05B-464A-4047-9F0C-6C1BD4F31AE2}.Release|Any CPU.Build.0 = Release|Any CPU
		{37B6D05B-464A-4047-9F0C-6C1BD4F31AE2}.Release|x64.ActiveCfg = Release|Any CPU
		{37B6D05B-464A-4047-9F0C-6C1BD4F31AE2}.Release|x64.Build.0 = Release|Any CPU
		{37B6D05B-464A-4047-9F0C-6C1BD4F31AE2}.Release|x86.ActiveCfg = Release|Any CPU
		{37B6D05B-464A-4047-9F0C-6C1BD4F31AE2}.Release|x86.Build.0 = Release|Any CPU
		{D9048417-A785-48EE-891B-5D6D229A6BAF}.Debug|Any CPU.ActiveCfg = Debug|Any CPU
		{D9048417-A785-48EE-891B-5D6D229A6BAF}.Debug|Any CPU.Build.0 = Debug|Any CPU
		{D9048417-A785-48EE-891B-5D6D229A6BAF}.Debug|x64.ActiveCfg = Debug|Any CPU
		{D9048417-A785-48EE-891B-5D6D229A6BAF}.Debug|x64.Build.0 = Debug|Any CPU
		{D9048417-A785-48EE-891B-5D6D229A6BAF}.Debug|x86.ActiveCfg = Debug|Any CPU
		{D9048417-A785-48EE-891B-5D6D229A6BAF}.Debug|x86.Build.0 = Debug|Any CPU
		{D9048417-A785-48EE-891B-5D6D229A6BAF}.Release|Any CPU.ActiveCfg = Release|Any CPU
		{D9048417-A785-48EE-891B-5D6D229A6BAF}.Release|Any CPU.Build.0 = Release|Any CPU
		{D9048417-A785-48EE-891B-5D6D229A6BAF}.Release|x64.ActiveCfg = Release|Any CPU
		{D9048417-A785-48EE-891B-5D6D229A6BAF}.Release|x64.Build.0 = Release|Any CPU
		{D9048417-A785-48EE-891B-5D6D229A6BAF}.Release|x86.ActiveCfg = Release|Any CPU
		{D9048417-A785-48EE-891B-5D6D229A6BAF}.Release|x86.Build.0 = Release|Any CPU
		{D16A0389-B7BA-452E-A3A9-A25532858976}.Debug|Any CPU.ActiveCfg = Debug|Any CPU
		{D16A0389-B7BA-452E-A3A9-A25532858976}.Debug|Any CPU.Build.0 = Debug|Any CPU
		{D16A0389-B7BA-452E-A3A9-A25532858976}.Debug|x64.ActiveCfg = Debug|Any CPU
		{D16A0389-B7BA-452E-A3A9-A25532858976}.Debug|x64.Build.0 = Debug|Any CPU
		{D16A0389-B7BA-452E-A3A9-A25532858976}.Debug|x86.ActiveCfg = Debug|Any CPU
		{D16A0389-B7BA-452E-A3A9-A25532858976}.Debug|x86.Build.0 = Debug|Any CPU
		{D16A0389-B7BA-452E-A3A9-A25532858976}.Release|Any CPU.ActiveCfg = Release|Any CPU
		{D16A0389-B7BA-452E-A3A9-A25532858976}.Release|Any CPU.Build.0 = Release|Any CPU
		{D16A0389-B7BA-452E-A3A9-A25532858976}.Release|x64.ActiveCfg = Release|Any CPU
		{D16A0389-B7BA-452E-A3A9-A25532858976}.Release|x64.Build.0 = Release|Any CPU
		{D16A0389-B7BA-452E-A3A9-A25532858976}.Release|x86.ActiveCfg = Release|Any CPU
		{D16A0389-B7BA-452E-A3A9-A25532858976}.Release|x86.Build.0 = Release|Any CPU
		{89B09E58-A504-499E-BB2F-82FE2F190D06}.Debug|Any CPU.ActiveCfg = Debug|Any CPU
		{89B09E58-A504-499E-BB2F-82FE2F190D06}.Debug|Any CPU.Build.0 = Debug|Any CPU
		{89B09E58-A504-499E-BB2F-82FE2F190D06}.Debug|x64.ActiveCfg = Debug|Any CPU
		{89B09E58-A504-499E-BB2F-82FE2F190D06}.Debug|x64.Build.0 = Debug|Any CPU
		{89B09E58-A504-499E-BB2F-82FE2F190D06}.Debug|x86.ActiveCfg = Debug|Any CPU
		{89B09E58-A504-499E-BB2F-82FE2F190D06}.Debug|x86.Build.0 = Debug|Any CPU
		{89B09E58-A504-499E-BB2F-82FE2F190D06}.Release|Any CPU.ActiveCfg = Release|Any CPU
		{89B09E58-A504-499E-BB2F-82FE2F190D06}.Release|Any CPU.Build.0 = Release|Any CPU
		{89B09E58-A504-499E-BB2F-82FE2F190D06}.Release|x64.ActiveCfg = Release|Any CPU
		{89B09E58-A504-499E-BB2F-82FE2F190D06}.Release|x64.Build.0 = Release|Any CPU
		{89B09E58-A504-499E-BB2F-82FE2F190D06}.Release|x86.ActiveCfg = Release|Any CPU
		{89B09E58-A504-499E-BB2F-82FE2F190D06}.Release|x86.Build.0 = Release|Any CPU
		{65CDD23B-58FB-4B55-B4F7-781EC2E663D3}.Debug|Any CPU.ActiveCfg = Debug|Any CPU
		{65CDD23B-58FB-4B55-B4F7-781EC2E663D3}.Debug|Any CPU.Build.0 = Debug|Any CPU
		{65CDD23B-58FB-4B55-B4F7-781EC2E663D3}.Debug|x64.ActiveCfg = Debug|Any CPU
		{65CDD23B-58FB-4B55-B4F7-781EC2E663D3}.Debug|x64.Build.0 = Debug|Any CPU
		{65CDD23B-58FB-4B55-B4F7-781EC2E663D3}.Debug|x86.ActiveCfg = Debug|Any CPU
		{65CDD23B-58FB-4B55-B4F7-781EC2E663D3}.Debug|x86.Build.0 = Debug|Any CPU
		{65CDD23B-58FB-4B55-B4F7-781EC2E663D3}.Release|Any CPU.ActiveCfg = Release|Any CPU
		{65CDD23B-58FB-4B55-B4F7-781EC2E663D3}.Release|Any CPU.Build.0 = Release|Any CPU
		{65CDD23B-58FB-4B55-B4F7-781EC2E663D3}.Release|x64.ActiveCfg = Release|Any CPU
		{65CDD23B-58FB-4B55-B4F7-781EC2E663D3}.Release|x64.Build.0 = Release|Any CPU
		{65CDD23B-58FB-4B55-B4F7-781EC2E663D3}.Release|x86.ActiveCfg = Release|Any CPU
		{65CDD23B-58FB-4B55-B4F7-781EC2E663D3}.Release|x86.Build.0 = Release|Any CPU
		{76F711E9-2C14-479E-A7C5-334AC132B23A}.Debug|Any CPU.ActiveCfg = Debug|Any CPU
		{76F711E9-2C14-479E-A7C5-334AC132B23A}.Debug|Any CPU.Build.0 = Debug|Any CPU
		{76F711E9-2C14-479E-A7C5-334AC132B23A}.Debug|x64.ActiveCfg = Debug|Any CPU
		{76F711E9-2C14-479E-A7C5-334AC132B23A}.Debug|x64.Build.0 = Debug|Any CPU
		{76F711E9-2C14-479E-A7C5-334AC132B23A}.Debug|x86.ActiveCfg = Debug|Any CPU
		{76F711E9-2C14-479E-A7C5-334AC132B23A}.Debug|x86.Build.0 = Debug|Any CPU
		{76F711E9-2C14-479E-A7C5-334AC132B23A}.Release|Any CPU.ActiveCfg = Release|Any CPU
		{76F711E9-2C14-479E-A7C5-334AC132B23A}.Release|Any CPU.Build.0 = Release|Any CPU
		{76F711E9-2C14-479E-A7C5-334AC132B23A}.Release|x64.ActiveCfg = Release|Any CPU
		{76F711E9-2C14-479E-A7C5-334AC132B23A}.Release|x64.Build.0 = Release|Any CPU
		{76F711E9-2C14-479E-A7C5-334AC132B23A}.Release|x86.ActiveCfg = Release|Any CPU
		{76F711E9-2C14-479E-A7C5-334AC132B23A}.Release|x86.Build.0 = Release|Any CPU
		{4C2A149B-4BAF-4789-9E14-BBC83E9EB13A}.Debug|Any CPU.ActiveCfg = Debug|Any CPU
		{4C2A149B-4BAF-4789-9E14-BBC83E9EB13A}.Debug|Any CPU.Build.0 = Debug|Any CPU
		{4C2A149B-4BAF-4789-9E14-BBC83E9EB13A}.Debug|x64.ActiveCfg = Debug|Any CPU
		{4C2A149B-4BAF-4789-9E14-BBC83E9EB13A}.Debug|x64.Build.0 = Debug|Any CPU
		{4C2A149B-4BAF-4789-9E14-BBC83E9EB13A}.Debug|x86.ActiveCfg = Debug|Any CPU
		{4C2A149B-4BAF-4789-9E14-BBC83E9EB13A}.Debug|x86.Build.0 = Debug|Any CPU
		{4C2A149B-4BAF-4789-9E14-BBC83E9EB13A}.Release|Any CPU.ActiveCfg = Release|Any CPU
		{4C2A149B-4BAF-4789-9E14-BBC83E9EB13A}.Release|Any CPU.Build.0 = Release|Any CPU
		{4C2A149B-4BAF-4789-9E14-BBC83E9EB13A}.Release|x64.ActiveCfg = Release|Any CPU
		{4C2A149B-4BAF-4789-9E14-BBC83E9EB13A}.Release|x64.Build.0 = Release|Any CPU
		{4C2A149B-4BAF-4789-9E14-BBC83E9EB13A}.Release|x86.ActiveCfg = Release|Any CPU
		{4C2A149B-4BAF-4789-9E14-BBC83E9EB13A}.Release|x86.Build.0 = Release|Any CPU
		{CDF62AA4-5B4B-495C-A0F1-E9978AEE06FF}.Debug|Any CPU.ActiveCfg = Debug|Any CPU
		{CDF62AA4-5B4B-495C-A0F1-E9978AEE06FF}.Debug|Any CPU.Build.0 = Debug|Any CPU
		{CDF62AA4-5B4B-495C-A0F1-E9978AEE06FF}.Debug|x64.ActiveCfg = Debug|Any CPU
		{CDF62AA4-5B4B-495C-A0F1-E9978AEE06FF}.Debug|x64.Build.0 = Debug|Any CPU
		{CDF62AA4-5B4B-495C-A0F1-E9978AEE06FF}.Debug|x86.ActiveCfg = Debug|Any CPU
		{CDF62AA4-5B4B-495C-A0F1-E9978AEE06FF}.Debug|x86.Build.0 = Debug|Any CPU
		{CDF62AA4-5B4B-495C-A0F1-E9978AEE06FF}.Release|Any CPU.ActiveCfg = Release|Any CPU
		{CDF62AA4-5B4B-495C-A0F1-E9978AEE06FF}.Release|Any CPU.Build.0 = Release|Any CPU
		{CDF62AA4-5B4B-495C-A0F1-E9978AEE06FF}.Release|x64.ActiveCfg = Release|Any CPU
		{CDF62AA4-5B4B-495C-A0F1-E9978AEE06FF}.Release|x64.Build.0 = Release|Any CPU
		{CDF62AA4-5B4B-495C-A0F1-E9978AEE06FF}.Release|x86.ActiveCfg = Release|Any CPU
		{CDF62AA4-5B4B-495C-A0F1-E9978AEE06FF}.Release|x86.Build.0 = Release|Any CPU
		{CFA62F02-73CD-4CBC-9CFB-0F5FFF58C3C0}.Debug|Any CPU.ActiveCfg = Debug|Any CPU
		{CFA62F02-73CD-4CBC-9CFB-0F5FFF58C3C0}.Debug|Any CPU.Build.0 = Debug|Any CPU
		{CFA62F02-73CD-4CBC-9CFB-0F5FFF58C3C0}.Debug|x64.ActiveCfg = Debug|Any CPU
		{CFA62F02-73CD-4CBC-9CFB-0F5FFF58C3C0}.Debug|x64.Build.0 = Debug|Any CPU
		{CFA62F02-73CD-4CBC-9CFB-0F5FFF58C3C0}.Debug|x86.ActiveCfg = Debug|Any CPU
		{CFA62F02-73CD-4CBC-9CFB-0F5FFF58C3C0}.Debug|x86.Build.0 = Debug|Any CPU
		{CFA62F02-73CD-4CBC-9CFB-0F5FFF58C3C0}.Release|Any CPU.ActiveCfg = Release|Any CPU
		{CFA62F02-73CD-4CBC-9CFB-0F5FFF58C3C0}.Release|Any CPU.Build.0 = Release|Any CPU
		{CFA62F02-73CD-4CBC-9CFB-0F5FFF58C3C0}.Release|x64.ActiveCfg = Release|Any CPU
		{CFA62F02-73CD-4CBC-9CFB-0F5FFF58C3C0}.Release|x64.Build.0 = Release|Any CPU
		{CFA62F02-73CD-4CBC-9CFB-0F5FFF58C3C0}.Release|x86.ActiveCfg = Release|Any CPU
		{CFA62F02-73CD-4CBC-9CFB-0F5FFF58C3C0}.Release|x86.Build.0 = Release|Any CPU
		{C634CC3C-B434-4A55-8BE7-908C6854DD41}.Debug|Any CPU.ActiveCfg = Debug|Any CPU
		{C634CC3C-B434-4A55-8BE7-908C6854DD41}.Debug|Any CPU.Build.0 = Debug|Any CPU
		{C634CC3C-B434-4A55-8BE7-908C6854DD41}.Debug|x64.ActiveCfg = Debug|Any CPU
		{C634CC3C-B434-4A55-8BE7-908C6854DD41}.Debug|x64.Build.0 = Debug|Any CPU
		{C634CC3C-B434-4A55-8BE7-908C6854DD41}.Debug|x86.ActiveCfg = Debug|Any CPU
		{C634CC3C-B434-4A55-8BE7-908C6854DD41}.Debug|x86.Build.0 = Debug|Any CPU
		{C634CC3C-B434-4A55-8BE7-908C6854DD41}.Release|Any CPU.ActiveCfg = Release|Any CPU
		{C634CC3C-B434-4A55-8BE7-908C6854DD41}.Release|Any CPU.Build.0 = Release|Any CPU
		{C634CC3C-B434-4A55-8BE7-908C6854DD41}.Release|x64.ActiveCfg = Release|Any CPU
		{C634CC3C-B434-4A55-8BE7-908C6854DD41}.Release|x64.Build.0 = Release|Any CPU
		{C634CC3C-B434-4A55-8BE7-908C6854DD41}.Release|x86.ActiveCfg = Release|Any CPU
		{C634CC3C-B434-4A55-8BE7-908C6854DD41}.Release|x86.Build.0 = Release|Any CPU
		{8B2E2AA6-9F9B-4D7D-B2AA-BCA5FCBF1912}.Debug|Any CPU.ActiveCfg = Debug|Any CPU
		{8B2E2AA6-9F9B-4D7D-B2AA-BCA5FCBF1912}.Debug|Any CPU.Build.0 = Debug|Any CPU
		{8B2E2AA6-9F9B-4D7D-B2AA-BCA5FCBF1912}.Debug|x64.ActiveCfg = Debug|Any CPU
		{8B2E2AA6-9F9B-4D7D-B2AA-BCA5FCBF1912}.Debug|x64.Build.0 = Debug|Any CPU
		{8B2E2AA6-9F9B-4D7D-B2AA-BCA5FCBF1912}.Debug|x86.ActiveCfg = Debug|Any CPU
		{8B2E2AA6-9F9B-4D7D-B2AA-BCA5FCBF1912}.Debug|x86.Build.0 = Debug|Any CPU
		{8B2E2AA6-9F9B-4D7D-B2AA-BCA5FCBF1912}.Release|Any CPU.ActiveCfg = Release|Any CPU
		{8B2E2AA6-9F9B-4D7D-B2AA-BCA5FCBF1912}.Release|Any CPU.Build.0 = Release|Any CPU
		{8B2E2AA6-9F9B-4D7D-B2AA-BCA5FCBF1912}.Release|x64.ActiveCfg = Release|Any CPU
		{8B2E2AA6-9F9B-4D7D-B2AA-BCA5FCBF1912}.Release|x64.Build.0 = Release|Any CPU
		{8B2E2AA6-9F9B-4D7D-B2AA-BCA5FCBF1912}.Release|x86.ActiveCfg = Release|Any CPU
		{8B2E2AA6-9F9B-4D7D-B2AA-BCA5FCBF1912}.Release|x86.Build.0 = Release|Any CPU
		{F4918C1A-369A-4218-A51B-681BDF13E795}.Debug|Any CPU.ActiveCfg = Debug|Any CPU
		{F4918C1A-369A-4218-A51B-681BDF13E795}.Debug|Any CPU.Build.0 = Debug|Any CPU
		{F4918C1A-369A-4218-A51B-681BDF13E795}.Debug|x64.ActiveCfg = Debug|Any CPU
		{F4918C1A-369A-4218-A51B-681BDF13E795}.Debug|x64.Build.0 = Debug|Any CPU
		{F4918C1A-369A-4218-A51B-681BDF13E795}.Debug|x86.ActiveCfg = Debug|Any CPU
		{F4918C1A-369A-4218-A51B-681BDF13E795}.Debug|x86.Build.0 = Debug|Any CPU
		{F4918C1A-369A-4218-A51B-681BDF13E795}.Release|Any CPU.ActiveCfg = Release|Any CPU
		{F4918C1A-369A-4218-A51B-681BDF13E795}.Release|Any CPU.Build.0 = Release|Any CPU
		{F4918C1A-369A-4218-A51B-681BDF13E795}.Release|x64.ActiveCfg = Release|Any CPU
		{F4918C1A-369A-4218-A51B-681BDF13E795}.Release|x64.Build.0 = Release|Any CPU
		{F4918C1A-369A-4218-A51B-681BDF13E795}.Release|x86.ActiveCfg = Release|Any CPU
		{F4918C1A-369A-4218-A51B-681BDF13E795}.Release|x86.Build.0 = Release|Any CPU
		{9A008120-3333-439C-A406-AE21E152B53A}.Debug|Any CPU.ActiveCfg = Debug|Any CPU
		{9A008120-3333-439C-A406-AE21E152B53A}.Debug|Any CPU.Build.0 = Debug|Any CPU
		{9A008120-3333-439C-A406-AE21E152B53A}.Debug|x64.ActiveCfg = Debug|Any CPU
		{9A008120-3333-439C-A406-AE21E152B53A}.Debug|x64.Build.0 = Debug|Any CPU
		{9A008120-3333-439C-A406-AE21E152B53A}.Debug|x86.ActiveCfg = Debug|Any CPU
		{9A008120-3333-439C-A406-AE21E152B53A}.Debug|x86.Build.0 = Debug|Any CPU
		{9A008120-3333-439C-A406-AE21E152B53A}.Release|Any CPU.ActiveCfg = Release|Any CPU
		{9A008120-3333-439C-A406-AE21E152B53A}.Release|Any CPU.Build.0 = Release|Any CPU
		{9A008120-3333-439C-A406-AE21E152B53A}.Release|x64.ActiveCfg = Release|Any CPU
		{9A008120-3333-439C-A406-AE21E152B53A}.Release|x64.Build.0 = Release|Any CPU
		{9A008120-3333-439C-A406-AE21E152B53A}.Release|x86.ActiveCfg = Release|Any CPU
		{9A008120-3333-439C-A406-AE21E152B53A}.Release|x86.Build.0 = Release|Any CPU
		{6FBEF59F-1763-41BF-88B6-F7FB9B9DB466}.Debug|Any CPU.ActiveCfg = Debug|Any CPU
		{6FBEF59F-1763-41BF-88B6-F7FB9B9DB466}.Debug|Any CPU.Build.0 = Debug|Any CPU
		{6FBEF59F-1763-41BF-88B6-F7FB9B9DB466}.Debug|x64.ActiveCfg = Debug|Any CPU
		{6FBEF59F-1763-41BF-88B6-F7FB9B9DB466}.Debug|x64.Build.0 = Debug|Any CPU
		{6FBEF59F-1763-41BF-88B6-F7FB9B9DB466}.Debug|x86.ActiveCfg = Debug|Any CPU
		{6FBEF59F-1763-41BF-88B6-F7FB9B9DB466}.Debug|x86.Build.0 = Debug|Any CPU
		{6FBEF59F-1763-41BF-88B6-F7FB9B9DB466}.Release|Any CPU.ActiveCfg = Release|Any CPU
		{6FBEF59F-1763-41BF-88B6-F7FB9B9DB466}.Release|Any CPU.Build.0 = Release|Any CPU
		{6FBEF59F-1763-41BF-88B6-F7FB9B9DB466}.Release|x64.ActiveCfg = Release|Any CPU
		{6FBEF59F-1763-41BF-88B6-F7FB9B9DB466}.Release|x64.Build.0 = Release|Any CPU
		{6FBEF59F-1763-41BF-88B6-F7FB9B9DB466}.Release|x86.ActiveCfg = Release|Any CPU
		{6FBEF59F-1763-41BF-88B6-F7FB9B9DB466}.Release|x86.Build.0 = Release|Any CPU
	EndGlobalSection
	GlobalSection(SolutionProperties) = preSolution
		HideSolutionNode = FALSE
	EndGlobalSection
	GlobalSection(NestedProjects) = preSolution
		{DDF96583-57BB-4B5B-AD6D-520871D04A43} = {827E0CD3-B72D-47B6-A68D-7590B98EB39B}
		{97E4E305-0BC5-4D23-9526-3FF9E85B7060} = {0AB3BF05-4346-4AA6-1389-037BE0695223}
		{37B6D05B-464A-4047-9F0C-6C1BD4F31AE2} = {827E0CD3-B72D-47B6-A68D-7590B98EB39B}
		{D9048417-A785-48EE-891B-5D6D229A6BAF} = {827E0CD3-B72D-47B6-A68D-7590B98EB39B}
		{D16A0389-B7BA-452E-A3A9-A25532858976} = {827E0CD3-B72D-47B6-A68D-7590B98EB39B}
		{89B09E58-A504-499E-BB2F-82FE2F190D06} = {827E0CD3-B72D-47B6-A68D-7590B98EB39B}
		{65CDD23B-58FB-4B55-B4F7-781EC2E663D3} = {827E0CD3-B72D-47B6-A68D-7590B98EB39B}
		{76F711E9-2C14-479E-A7C5-334AC132B23A} = {0AB3BF05-4346-4AA6-1389-037BE0695223}
		{4C2A149B-4BAF-4789-9E14-BBC83E9EB13A} = {0AB3BF05-4346-4AA6-1389-037BE0695223}
		{CDF62AA4-5B4B-495C-A0F1-E9978AEE06FF} = {0AB3BF05-4346-4AA6-1389-037BE0695223}
		{CFA62F02-73CD-4CBC-9CFB-0F5FFF58C3C0} = {0AB3BF05-4346-4AA6-1389-037BE0695223}
		{C634CC3C-B434-4A55-8BE7-908C6854DD41} = {0AB3BF05-4346-4AA6-1389-037BE0695223}
		{8B2E2AA6-9F9B-4D7D-B2AA-BCA5FCBF1912} = {827E0CD3-B72D-47B6-A68D-7590B98EB39B}
		{F4918C1A-369A-4218-A51B-681BDF13E795} = {827E0CD3-B72D-47B6-A68D-7590B98EB39B}
		{9A008120-3333-439C-A406-AE21E152B53A} = {0AB3BF05-4346-4AA6-1389-037BE0695223}
		{6FBEF59F-1763-41BF-88B6-F7FB9B9DB466} = {0AB3BF05-4346-4AA6-1389-037BE0695223}
	EndGlobalSection
	GlobalSection(ExtensibilityGlobals) = postSolution
		SolutionGuid = {7C2E1A4B-9D83-4F11-A6C0-1B8E4D27F905}
	EndGlobalSection
EndGlobal
