
Microsoft Visual Studio Solution File, Format Version 12.00
# Visual Studio Version 17
VisualStudioVersion = 17.0.31903.59
MinimumVisualStudioVersion = 10.0.40219.1
Project("{2150E333-8FDC-42A3-9474-1A3956D46DE8}") = "src", "src", "{827E0CD3-B72D-47B6-A68D-7590B98EB39B}"
EndProject
Project("{FAE04EC0-301F-11D3-BF4B-00C04F79EFBC}") = "Penrose.Core", "src\Penrose.Core\Penrose.Core.csproj", "{E40D2507-96AA-46E9-913F-1195FBCDE761}"
EndProject
Project("{FAE04EC0-301F-11D3-BF4B-00C04F79EFBC}") = "Penrose.Diagnostics", "src\Penrose.Diagnostics\Penrose.Diagnostics.csproj", "{04564B3B-BE5F-448C-8B15-96A0C5EFADE3}"
EndProject
Project("{FAE04EC0-301F-11D3-BF4B-00C04F79EFBC}") = "Penrose.Interop.LibMpv", "src\Penrose.Interop.LibMpv\Penrose.Interop.LibMpv.csproj", "{7C6EF439-656D-44C9-B96D-76242FF23384}"
EndProject
Project("{FAE04EC0-301F-11D3-BF4B-00C04F79EFBC}") = "Penrose.Persistence", "src\Penrose.Persistence\Penrose.Persistence.csproj", "{DF29C1BB-D685-4AD8-8DC0-504E02BA616F}"
EndProject
Project("{FAE04EC0-301F-11D3-BF4B-00C04F79EFBC}") = "Penrose.Playback.Mpv", "src\Penrose.Playback.Mpv\Penrose.Playback.Mpv.csproj", "{17A2E506-3BA3-4B70-8A65-1DAA7B3BA24E}"
EndProject
Project("{FAE04EC0-301F-11D3-BF4B-00C04F79EFBC}") = "Penrose.VideoSurface.Abstractions", "src\Penrose.VideoSurface.Abstractions\Penrose.VideoSurface.Abstractions.csproj", "{836BCCAA-D242-429F-ABE0-FC001D3E384D}"
EndProject
Project("{FAE04EC0-301F-11D3-BF4B-00C04F79EFBC}") = "Penrose.VideoSurface.WinUI", "src\Penrose.VideoSurface.WinUI\Penrose.VideoSurface.WinUI.csproj", "{028308A4-7E49-4099-A785-52F4CF307E2F}"
EndProject
Project("{FAE04EC0-301F-11D3-BF4B-00C04F79EFBC}") = "Penrose.App.WinUI", "src\Penrose.App.WinUI\Penrose.App.WinUI.csproj", "{886CCEC3-43FB-4294-B59E-E7A309515122}"
EndProject
Project("{FAE04EC0-301F-11D3-BF4B-00C04F79EFBC}") = "Penrose.Sources.Emby", "src\Penrose.Sources.Emby\Penrose.Sources.Emby.csproj", "{92E995E0-3962-44C6-B219-EEEBDFD81212}"
EndProject
Global
	GlobalSection(SolutionConfigurationPlatforms) = preSolution
		Debug|Any CPU = Debug|Any CPU
		Debug|x64 = Debug|x64
		Debug|x86 = Debug|x86
		Release|Any CPU = Release|Any CPU
		Release|x64 = Release|x64
		Release|x86 = Release|x86
	EndGlobalSection
	GlobalSection(ProjectConfigurationPlatforms) = postSolution
		{E40D2507-96AA-46E9-913F-1195FBCDE761}.Debug|Any CPU.ActiveCfg = Debug|Any CPU
		{E40D2507-96AA-46E9-913F-1195FBCDE761}.Debug|Any CPU.Build.0 = Debug|Any CPU
		{E40D2507-96AA-46E9-913F-1195FBCDE761}.Debug|x64.ActiveCfg = Debug|Any CPU
		{E40D2507-96AA-46E9-913F-1195FBCDE761}.Debug|x64.Build.0 = Debug|Any CPU
		{E40D2507-96AA-46E9-913F-1195FBCDE761}.Debug|x86.ActiveCfg = Debug|Any CPU
		{E40D2507-96AA-46E9-913F-1195FBCDE761}.Debug|x86.Build.0 = Debug|Any CPU
		{E40D2507-96AA-46E9-913F-1195FBCDE761}.Release|Any CPU.ActiveCfg = Release|Any CPU
		{E40D2507-96AA-46E9-913F-1195FBCDE761}.Release|Any CPU.Build.0 = Release|Any CPU
		{E40D2507-96AA-46E9-913F-1195FBCDE761}.Release|x64.ActiveCfg = Release|Any CPU
		{E40D2507-96AA-46E9-913F-1195FBCDE761}.Release|x64.Build.0 = Release|Any CPU
		{E40D2507-96AA-46E9-913F-1195FBCDE761}.Release|x86.ActiveCfg = Release|Any CPU
		{E40D2507-96AA-46E9-913F-1195FBCDE761}.Release|x86.Build.0 = Release|Any CPU
		{04564B3B-BE5F-448C-8B15-96A0C5EFADE3}.Debug|Any CPU.ActiveCfg = Debug|Any CPU
		{04564B3B-BE5F-448C-8B15-96A0C5EFADE3}.Debug|Any CPU.Build.0 = Debug|Any CPU
		{04564B3B-BE5F-448C-8B15-96A0C5EFADE3}.Debug|x64.ActiveCfg = Debug|Any CPU
		{04564B3B-BE5F-448C-8B15-96A0C5EFADE3}.Debug|x64.Build.0 = Debug|Any CPU
		{04564B3B-BE5F-448C-8B15-96A0C5EFADE3}.Debug|x86.ActiveCfg = Debug|Any CPU
		{04564B3B-BE5F-448C-8B15-96A0C5EFADE3}.Debug|x86.Build.0 = Debug|Any CPU
		{04564B3B-BE5F-448C-8B15-96A0C5EFADE3}.Release|Any CPU.ActiveCfg = Release|Any CPU
		{04564B3B-BE5F-448C-8B15-96A0C5EFADE3}.Release|Any CPU.Build.0 = Release|Any CPU
		{04564B3B-BE5F-448C-8B15-96A0C5EFADE3}.Release|x64.ActiveCfg = Release|Any CPU
		{04564B3B-BE5F-448C-8B15-96A0C5EFADE3}.Release|x64.Build.0 = Release|Any CPU
		{04564B3B-BE5F-448C-8B15-96A0C5EFADE3}.Release|x86.ActiveCfg = Release|Any CPU
		{04564B3B-BE5F-448C-8B15-96A0C5EFADE3}.Release|x86.Build.0 = Release|Any CPU
		{7C6EF439-656D-44C9-B96D-76242FF23384}.Debug|Any CPU.ActiveCfg = Debug|Any CPU
		{7C6EF439-656D-44C9-B96D-76242FF23384}.Debug|Any CPU.Build.0 = Debug|Any CPU
		{7C6EF439-656D-44C9-B96D-76242FF23384}.Debug|x64.ActiveCfg = Debug|Any CPU
		{7C6EF439-656D-44C9-B96D-76242FF23384}.Debug|x64.Build.0 = Debug|Any CPU
		{7C6EF439-656D-44C9-B96D-76242FF23384}.Debug|x86.ActiveCfg = Debug|Any CPU
		{7C6EF439-656D-44C9-B96D-76242FF23384}.Debug|x86.Build.0 = Debug|Any CPU
		{7C6EF439-656D-44C9-B96D-76242FF23384}.Release|Any CPU.ActiveCfg = Release|Any CPU
		{7C6EF439-656D-44C9-B96D-76242FF23384}.Release|Any CPU.Build.0 = Release|Any CPU
		{7C6EF439-656D-44C9-B96D-76242FF23384}.Release|x64.ActiveCfg = Release|Any CPU
		{7C6EF439-656D-44C9-B96D-76242FF23384}.Release|x64.Build.0 = Release|Any CPU
		{7C6EF439-656D-44C9-B96D-76242FF23384}.Release|x86.ActiveCfg = Release|Any CPU
		{7C6EF439-656D-44C9-B96D-76242FF23384}.Release|x86.Build.0 = Release|Any CPU
		{DF29C1BB-D685-4AD8-8DC0-504E02BA616F}.Debug|Any CPU.ActiveCfg = Debug|Any CPU
		{DF29C1BB-D685-4AD8-8DC0-504E02BA616F}.Debug|Any CPU.Build.0 = Debug|Any CPU
		{DF29C1BB-D685-4AD8-8DC0-504E02BA616F}.Debug|x64.ActiveCfg = Debug|Any CPU
		{DF29C1BB-D685-4AD8-8DC0-504E02BA616F}.Debug|x64.Build.0 = Debug|Any CPU
		{DF29C1BB-D685-4AD8-8DC0-504E02BA616F}.Debug|x86.ActiveCfg = Debug|Any CPU
		{DF29C1BB-D685-4AD8-8DC0-504E02BA616F}.Debug|x86.Build.0 = Debug|Any CPU
		{DF29C1BB-D685-4AD8-8DC0-504E02BA616F}.Release|Any CPU.ActiveCfg = Release|Any CPU
		{DF29C1BB-D685-4AD8-8DC0-504E02BA616F}.Release|Any CPU.Build.0 = Release|Any CPU
		{DF29C1BB-D685-4AD8-8DC0-504E02BA616F}.Release|x64.ActiveCfg = Release|Any CPU
		{DF29C1BB-D685-4AD8-8DC0-504E02BA616F}.Release|x64.Build.0 = Release|Any CPU
		{DF29C1BB-D685-4AD8-8DC0-504E02BA616F}.Release|x86.ActiveCfg = Release|Any CPU
		{DF29C1BB-D685-4AD8-8DC0-504E02BA616F}.Release|x86.Build.0 = Release|Any CPU
		{17A2E506-3BA3-4B70-8A65-1DAA7B3BA24E}.Debug|Any CPU.ActiveCfg = Debug|Any CPU
		{17A2E506-3BA3-4B70-8A65-1DAA7B3BA24E}.Debug|Any CPU.Build.0 = Debug|Any CPU
		{17A2E506-3BA3-4B70-8A65-1DAA7B3BA24E}.Debug|x64.ActiveCfg = Debug|Any CPU
		{17A2E506-3BA3-4B70-8A65-1DAA7B3BA24E}.Debug|x64.Build.0 = Debug|Any CPU
		{17A2E506-3BA3-4B70-8A65-1DAA7B3BA24E}.Debug|x86.ActiveCfg = Debug|Any CPU
		{17A2E506-3BA3-4B70-8A65-1DAA7B3BA24E}.Debug|x86.Build.0 = Debug|Any CPU
		{17A2E506-3BA3-4B70-8A65-1DAA7B3BA24E}.Release|Any CPU.ActiveCfg = Release|Any CPU
		{17A2E506-3BA3-4B70-8A65-1DAA7B3BA24E}.Release|Any CPU.Build.0 = Release|Any CPU
		{17A2E506-3BA3-4B70-8A65-1DAA7B3BA24E}.Release|x64.ActiveCfg = Release|Any CPU
		{17A2E506-3BA3-4B70-8A65-1DAA7B3BA24E}.Release|x64.Build.0 = Release|Any CPU
		{17A2E506-3BA3-4B70-8A65-1DAA7B3BA24E}.Release|x86.ActiveCfg = Release|Any CPU
		{17A2E506-3BA3-4B70-8A65-1DAA7B3BA24E}.Release|x86.Build.0 = Release|Any CPU
		{836BCCAA-D242-429F-ABE0-FC001D3E384D}.Debug|Any CPU.ActiveCfg = Debug|Any CPU
		{836BCCAA-D242-429F-ABE0-FC001D3E384D}.Debug|Any CPU.Build.0 = Debug|Any CPU
		{836BCCAA-D242-429F-ABE0-FC001D3E384D}.Debug|x64.ActiveCfg = Debug|Any CPU
		{836BCCAA-D242-429F-ABE0-FC001D3E384D}.Debug|x64.Build.0 = Debug|Any CPU
		{836BCCAA-D242-429F-ABE0-FC001D3E384D}.Debug|x86.ActiveCfg = Debug|Any CPU
		{836BCCAA-D242-429F-ABE0-FC001D3E384D}.Debug|x86.Build.0 = Debug|Any CPU
		{836BCCAA-D242-429F-ABE0-FC001D3E384D}.Release|Any CPU.ActiveCfg = Release|Any CPU
		{836BCCAA-D242-429F-ABE0-FC001D3E384D}.Release|Any CPU.Build.0 = Release|Any CPU
		{836BCCAA-D242-429F-ABE0-FC001D3E384D}.Release|x64.ActiveCfg = Release|Any CPU
		{836BCCAA-D242-429F-ABE0-FC001D3E384D}.Release|x64.Build.0 = Release|Any CPU
		{836BCCAA-D242-429F-ABE0-FC001D3E384D}.Release|x86.ActiveCfg = Release|Any CPU
		{836BCCAA-D242-429F-ABE0-FC001D3E384D}.Release|x86.Build.0 = Release|Any CPU
		{028308A4-7E49-4099-A785-52F4CF307E2F}.Debug|Any CPU.ActiveCfg = Debug|x64
		{028308A4-7E49-4099-A785-52F4CF307E2F}.Debug|Any CPU.Build.0 = Debug|x64
		{028308A4-7E49-4099-A785-52F4CF307E2F}.Debug|x64.ActiveCfg = Debug|x64
		{028308A4-7E49-4099-A785-52F4CF307E2F}.Debug|x64.Build.0 = Debug|x64
		{028308A4-7E49-4099-A785-52F4CF307E2F}.Debug|x86.ActiveCfg = Debug|x64
		{028308A4-7E49-4099-A785-52F4CF307E2F}.Debug|x86.Build.0 = Debug|x64
		{028308A4-7E49-4099-A785-52F4CF307E2F}.Release|Any CPU.ActiveCfg = Release|x64
		{028308A4-7E49-4099-A785-52F4CF307E2F}.Release|Any CPU.Build.0 = Release|x64
		{028308A4-7E49-4099-A785-52F4CF307E2F}.Release|x64.ActiveCfg = Release|x64
		{028308A4-7E49-4099-A785-52F4CF307E2F}.Release|x64.Build.0 = Release|x64
		{028308A4-7E49-4099-A785-52F4CF307E2F}.Release|x86.ActiveCfg = Release|x64
		{028308A4-7E49-4099-A785-52F4CF307E2F}.Release|x86.Build.0 = Release|x64
		{886CCEC3-43FB-4294-B59E-E7A309515122}.Debug|Any CPU.ActiveCfg = Debug|x64
		{886CCEC3-43FB-4294-B59E-E7A309515122}.Debug|Any CPU.Build.0 = Debug|x64
		{886CCEC3-43FB-4294-B59E-E7A309515122}.Debug|x64.ActiveCfg = Debug|x64
		{886CCEC3-43FB-4294-B59E-E7A309515122}.Debug|x64.Build.0 = Debug|x64
		{886CCEC3-43FB-4294-B59E-E7A309515122}.Debug|x86.ActiveCfg = Debug|x64
		{886CCEC3-43FB-4294-B59E-E7A309515122}.Debug|x86.Build.0 = Debug|x64
		{886CCEC3-43FB-4294-B59E-E7A309515122}.Release|Any CPU.ActiveCfg = Release|x64
		{886CCEC3-43FB-4294-B59E-E7A309515122}.Release|Any CPU.Build.0 = Release|x64
		{886CCEC3-43FB-4294-B59E-E7A309515122}.Release|x64.ActiveCfg = Release|x64
		{886CCEC3-43FB-4294-B59E-E7A309515122}.Release|x64.Build.0 = Release|x64
		{886CCEC3-43FB-4294-B59E-E7A309515122}.Release|x86.ActiveCfg = Release|x64
		{886CCEC3-43FB-4294-B59E-E7A309515122}.Release|x86.Build.0 = Release|x64
		{92E995E0-3962-44C6-B219-EEEBDFD81212}.Debug|Any CPU.ActiveCfg = Debug|Any CPU
		{92E995E0-3962-44C6-B219-EEEBDFD81212}.Debug|Any CPU.Build.0 = Debug|Any CPU
		{92E995E0-3962-44C6-B219-EEEBDFD81212}.Debug|x64.ActiveCfg = Debug|Any CPU
		{92E995E0-3962-44C6-B219-EEEBDFD81212}.Debug|x64.Build.0 = Debug|Any CPU
		{92E995E0-3962-44C6-B219-EEEBDFD81212}.Debug|x86.ActiveCfg = Debug|Any CPU
		{92E995E0-3962-44C6-B219-EEEBDFD81212}.Debug|x86.Build.0 = Debug|Any CPU
		{92E995E0-3962-44C6-B219-EEEBDFD81212}.Release|Any CPU.ActiveCfg = Release|Any CPU
		{92E995E0-3962-44C6-B219-EEEBDFD81212}.Release|Any CPU.Build.0 = Release|Any CPU
		{92E995E0-3962-44C6-B219-EEEBDFD81212}.Release|x64.ActiveCfg = Release|Any CPU
		{92E995E0-3962-44C6-B219-EEEBDFD81212}.Release|x64.Build.0 = Release|Any CPU
		{92E995E0-3962-44C6-B219-EEEBDFD81212}.Release|x86.ActiveCfg = Release|Any CPU
		{92E995E0-3962-44C6-B219-EEEBDFD81212}.Release|x86.Build.0 = Release|Any CPU
	EndGlobalSection
	GlobalSection(SolutionProperties) = preSolution
		HideSolutionNode = FALSE
	EndGlobalSection
	GlobalSection(NestedProjects) = preSolution
		{E40D2507-96AA-46E9-913F-1195FBCDE761} = {827E0CD3-B72D-47B6-A68D-7590B98EB39B}
		{04564B3B-BE5F-448C-8B15-96A0C5EFADE3} = {827E0CD3-B72D-47B6-A68D-7590B98EB39B}
		{7C6EF439-656D-44C9-B96D-76242FF23384} = {827E0CD3-B72D-47B6-A68D-7590B98EB39B}
		{DF29C1BB-D685-4AD8-8DC0-504E02BA616F} = {827E0CD3-B72D-47B6-A68D-7590B98EB39B}
		{17A2E506-3BA3-4B70-8A65-1DAA7B3BA24E} = {827E0CD3-B72D-47B6-A68D-7590B98EB39B}
		{836BCCAA-D242-429F-ABE0-FC001D3E384D} = {827E0CD3-B72D-47B6-A68D-7590B98EB39B}
		{028308A4-7E49-4099-A785-52F4CF307E2F} = {827E0CD3-B72D-47B6-A68D-7590B98EB39B}
		{886CCEC3-43FB-4294-B59E-E7A309515122} = {827E0CD3-B72D-47B6-A68D-7590B98EB39B}
		{92E995E0-3962-44C6-B219-EEEBDFD81212} = {827E0CD3-B72D-47B6-A68D-7590B98EB39B}
	EndGlobalSection
EndGlobal
